// !$*UTF8*$!
{
	archiveVersion = 1;
	classes = {
	};
	objectVersion = 50;
	objects = {

/* Begin PBXBuildFile section */
		AC95522D25D34882001437F4 /* AppDelegate.swift in Sources */ = {isa = PBXBuildFile; fileRef = AC95522C25D34882001437F4 /* AppDelegate.swift */; };
		AC95522F25D34882001437F4 /* ContentView.swift in Sources */ = {isa = PBXBuildFile; fileRef = AC95522E25D34882001437F4 /* ContentView.swift */; };
		AC95523125D34885001437F4 /* Assets.xcassets in Resources */ = {isa = PBXBuildFile; fileRef = AC95523025D34885001437F4 /* Assets.xcassets */; };
		AC95523425D34885001437F4 /* Preview Assets.xcassets in Resources */ = {isa = PBXBuildFile; fileRef = AC95523325D34885001437F4 /* Preview Assets.xcassets */; };
		AC95523725D34885001437F4 /* Main.storyboard in Resources */ = {isa = PBXBuildFile; fileRef = AC95523525D34885001437F4 /* Main.storyboard */; };
		AC95524325D34886001437F4 /* CACommitCycleStatusItemExampleTests.swift in Sources */ = {isa = PBXBuildFile; fileRef = AC95524225D34886001437F4 /* CACommitCycleStatusItemExampleTests.swift */; };
		AC95524E25D34886001437F4 /* CACommitCycleStatusItemExampleUITests.swift in Sources */ = {isa = PBXBuildFile; fileRef = AC95524D25D34886001437F4 /* CACommitCycleStatusItemExampleUITests.swift */; };
		AC95525F25D348F6001437F4 /* StatusItemViewable.swift in Sources */ = {isa = PBXBuildFile; fileRef = AC95525E25D348F6001437F4 /* StatusItemViewable.swift */; };
/* End PBXBuildFile section */

/* Begin PBXContainerItemProxy section */
		AC95523F25D34886001437F4 /* PBXContainerItemProxy */ = {
			isa = PBXContainerItemProxy;
			containerPortal = AC95522125D34882001437F4 /* Project object */;
			proxyType = 1;
			remoteGlobalIDString = AC95522825D34882001437F4;
			remoteInfo = CACommitCycleStatusItemExample;
		};
		AC95524A25D34886001437F4 /* PBXContainerItemProxy */ = {
			isa = PBXContainerItemProxy;
			containerPortal = AC95522125D34882001437F4 /* Project object */;
			proxyType = 1;
			remoteGlobalIDString = AC95522825D34882001437F4;
			remoteInfo = CACommitCycleStatusItemExample;
		};
/* End PBXContainerItemProxy section */

/* Begin PBXFileReference section */
		AC95522925D34882001437F4 /* CACommitCycleStatusItemExample.app */ = {isa = PBXFileReference; explicitFileType = wrapper.application; includeInIndex = 0; path = CACommitCycleStatusItemExample.app; sourceTree = BUILT_PRODUCTS_DIR; };
		AC95522C25D34882001437F4 /* AppDelegate.swift */ = {isa = PBXFileReference; lastKnownFileType = sourcecode.swift; path = AppDelegate.swift; sourceTree = "<group>"; };
		AC95522E25D34882001437F4 /* ContentView.swift */ = {isa = PBXFileReference; lastKnownFileType = sourcecode.swift; path = ContentView.swift; sourceTree = "<group>"; };
		AC95523025D34885001437F4 /* Assets.xcassets */ = {isa = PBXFileReference; lastKnownFileType = folder.assetcatalog; path = Assets.xcassets; sourceTree = "<group>"; };
		AC95523325D34885001437F4 /* Preview Assets.xcassets */ = {isa = PBXFileReference; lastKnownFileType = folder.assetcatalog; path = "Preview Assets.xcassets"; sourceTree = "<group>"; };
		AC95523625D34885001437F4 /* Base */ = {isa = PBXFileReference; lastKnownFileType = file.storyboard; name = Base; path = Base.lproj/Main.storyboard; sourceTree = "<group>"; };
		AC95523825D34885001437F4 /* Info.plist */ = {isa = PBXFileReference; lastKnownFileType = text.plist.xml; path = Info.plist; sourceTree = "<group>"; };
		AC95523925D34885001437F4 /* CACommitCycleStatusItemExample.entitlements */ = {isa = PBXFileReference; lastKnownFileType = text.plist.entitlements; path = CACommitCycleStatusItemExample.entitlements; sourceTree = "<group>"; };
		AC95523E25D34886001437F4 /* CACommitCycleStatusItemExampleTests.xctest */ = {isa = PBXFileReference; explicitFileType = wrapper.cfbundle; includeInIndex = 0; path = CACommitCycleStatusItemExampleTests.xctest; sourceTree = BUILT_PRODUCTS_DIR; };
		AC95524225D34886001437F4 /* CACommitCycleStatusItemExampleTests.swift */ = {isa = PBXFileReference; lastKnownFileType = sourcecode.swift; path = CACommitCycleStatusItemExampleTests.swift; sourceTree = "<group>"; };
		AC95524425D34886001437F4 /* Info.plist */ = {isa = PBXFileReference; lastKnownFileType = text.plist.xml; path = Info.plist; sourceTree = "<group>"; };
		AC95524925D34886001437F4 /* CACommitCycleStatusItemExampleUITests.xctest */ = {isa = PBXFileReference; explicitFileType = wrapper.cfbundle; includeInIndex = 0; path = CACommitCycleStatusItemExampleUITests.xctest; sourceTree = BUILT_PRODUCTS_DIR; };
		AC95524D25D34886001437F4 /* CACommitCycleStatusItemExampleUITests.swift */ = {isa = PBXFileReference; lastKnownFileType = sourcecode.swift; path = CACommitCycleStatusItemExampleUITests.swift; sourceTree = "<group>"; };
		AC95524F25D34886001437F4 /* Info.plist */ = {isa = PBXFileReference; lastKnownFileType = text.plist.xml; path = Info.plist; sourceTree = "<group>"; };
		AC95525E25D348F6001437F4 /* StatusItemViewable.swift */ = {isa = PBXFileReference; lastKnownFileType = sourcecode.swift; path = StatusItemViewable.swift; sourceTree = "<group>"; };
/* End PBXFileReference section */

/* Begin PBXFrameworksBuildPhase section */
		AC95522625D34882001437F4 /* Frameworks */ = {
			isa = PBXFrameworksBuildPhase;
			buildActionMask = 2147483647;
			files = (
			);
			runOnlyForDeploymentPostprocessing = 0;
		};
		AC95523B25D34886001437F4 /* Frameworks */ = {
			isa = PBXFrameworksBuildPhase;
			buildActionMask = 2147483647;
			files = (
			);
			runOnlyForDeploymentPostprocessing = 0;
		};
		AC95524625D34886001437F4 /* Frameworks */ = {
			isa = PBXFrameworksBuildPhase;
			buildActionMask = 2147483647;
			files = (
			);
			runOnlyForDeploymentPostprocessing = 0;
		};
/* End PBXFrameworksBuildPhase section */

/* Begin PBXGroup section */
		AC95522025D34882001437F4 = {
			isa = PBXGroup;
			children = (
				AC95522B25D34882001437F4 /* CACommitCycleStatusItemExample */,
				AC95524125D34886001437F4 /* CACommitCycleStatusItemExampleTests */,
				AC95524C25D34886001437F4 /* CACommitCycleStatusItemExampleUITests */,
				AC95522A25D34882001437F4 /* Products */,
			);
			sourceTree = "<group>";
		};
		AC95522A25D34882001437F4 /* Products */ = {
			isa = PBXGroup;
			children = (
				AC95522925D34882001437F4 /* CACommitCycleStatusItemExample.app */,
				AC95523E25D34886001437F4 /* CACommitCycleStatusItemExampleTests.xctest */,
				AC95524925D34886001437F4 /* CACommitCycleStatusItemExampleUITests.xctest */,
			);
			name = Products;
			sourceTree = "<group>";
		};
		AC95522B25D34882001437F4 /* CACommitCycleStatusItemExample */ = {
			isa = PBXGroup;
			children = (
				AC95522C25D34882001437F4 /* AppDelegate.swift */,
				AC95522E25D34882001437F4 /* ContentView.swift */,
				AC95525E25D348F6001437F4 /* StatusItemViewable.swift */,
				AC95523025D34885001437F4 /* Assets.xcassets */,
				AC95523525D34885001437F4 /* Main.storyboard */,
				AC95523825D34885001437F4 /* Info.plist */,
				AC95523925D34885001437F4 /* CACommitCycleStatusItemExample.entitlements */,
				AC95523225D34885001437F4 /* Preview Content */,
			);
			path = CACommitCycleStatusItemExample;
			sourceTree = "<group>";
		};
		AC95523225D34885001437F4 /* Preview Content */ = {
			isa = PBXGroup;
			children = (
				AC95523325D34885001437F4 /* Preview Assets.xcassets */,
			);
			path = "Preview Content";
			sourceTree = "<group>";
		};
		AC95524125D34886001437F4 /* CACommitCycleStatusItemExampleTests */ = {
			isa = PBXGroup;
			children = (
				AC95524225D34886001437F4 /* CACommitCycleStatusItemExampleTests.swift */,
				AC95524425D34886001437F4 /* Info.plist */,
			);
			path = CACommitCycleStatusItemExampleTests;
			sourceTree = "<group>";
		};
		AC95524C25D34886001437F4 /* CACommitCycleStatusItemExampleUITests */ = {
			isa = PBXGroup;
			children = (
				AC95524D25D34886001437F4 /* CACommitCycleStatusItemExampleUITests.swift */,
				AC95524F25D34886001437F4 /* Info.plist */,
			);
			path = CACommitCycleStatusItemExampleUITests;
			sourceTree = "<group>";
		};
/* End PBXGroup section */

/* Begin PBXNativeTarget section */
		AC95522825D34882001437F4 /* CACommitCycleStatusItemExample */ = {
			isa = PBXNativeTarget;
			buildConfigurationList = AC95525225D34886001437F4 /* Build configuration list for PBXNativeTarget "CACommitCycleStatusItemExample" */;
			buildPhases = (
				AC95522525D34882001437F4 /* Sources */,
				AC95522625D34882001437F4 /* Frameworks */,
				AC95522725D34882001437F4 /* Resources */,
			);
			buildRules = (
			);
			dependencies = (
			);
			name = CACommitCycleStatusItemExample;
			productName = CACommitCycleStatusItemExample;
			productReference = AC95522925D34882001437F4 /* CACommitCycleStatusItemExample.app */;
			productType = "com.apple.product-type.application";
		};
		AC95523D25D34886001437F4 /* CACommitCycleStatusItemExampleTests */ = {
			isa = PBXNativeTarget;
			buildConfigurationList = AC95525525D34886001437F4 /* Build configuration list for PBXNativeTarget "CACommitCycleStatusItemExampleTests" */;
			buildPhases = (
				AC95523A25D34886001437F4 /* Sources */,
				AC95523B25D34886001437F4 /* Frameworks */,
				AC95523C25D34886001437F4 /* Resources */,
			);
			buildRules = (
			);
			dependencies = (
				AC95524025D34886001437F4 /* PBXTargetDependency */,
			);
			name = CACommitCycleStatusItemExampleTests;
			productName = CACommitCycleStatusItemExampleTests;
			productReference = AC95523E25D34886001437F4 /* CACommitCycleStatusItemExampleTests.xctest */;
			productType = "com.apple.product-type.bundle.unit-test";
		};
		AC95524825D34886001437F4 /* CACommitCycleStatusItemExampleUITests */ = {
			isa = PBXNativeTarget;
			buildConfigurationList = AC95525825D34886001437F4 /* Build configuration list for PBXNativeTarget "CACommitCycleStatusItemExampleUITests" */;
			buildPhases = (
				AC95524525D34886001437F4 /* Sources */,
				AC95524625D34886001437F4 /* Frameworks */,
				AC95524725D34886001437F4 /* Resources */,
			);
			buildRules = (
			);
			dependencies = (
				AC95524B25D34886001437F4 /* PBXTargetDependency */,
			);
			name = CACommitCycleStatusItemExampleUITests;
			productName = CACommitCycleStatusItemExampleUITests;
			productReference = AC95524925D34886001437F4 /* CACommitCycleStatusItemExampleUITests.xctest */;
			productType = "com.apple.product-type.bundle.ui-testing";
		};
/* End PBXNativeTarget section */

/* Begin PBXProject section */
		AC95522125D34882001437F4 /* Project object */ = {
			isa = PBXProject;
			attributes = {
				LastSwiftUpdateCheck = 1240;
				LastUpgradeCheck = 1240;
				TargetAttributes = {
					AC95522825D34882001437F4 = {
						CreatedOnToolsVersion = 12.4;
					};
					AC95523D25D34886001437F4 = {
						CreatedOnToolsVersion = 12.4;
						TestTargetID = AC95522825D34882001437F4;
					};
					AC95524825D34886001437F4 = {
						CreatedOnToolsVersion = 12.4;
						TestTargetID = AC95522825D34882001437F4;
					};
				};
			};
			buildConfigurationList = AC95522425D34882001437F4 /* Build configuration list for PBXProject "CACommitCycleStatusItemExample" */;
			compatibilityVersion = "Xcode 9.3";
			developmentRegion = en;
			hasScannedForEncodings = 0;
			knownRegions = (
				en,
				Base,
			);
			mainGroup = AC95522025D34882001437F4;
			productRefGroup = AC95522A25D34882001437F4 /* Products */;
			projectDirPath = "";
			projectRoot = "";
			targets = (
				AC95522825D34882001437F4 /* CACommitCycleStatusItemExample */,
				AC95523D25D34886001437F4 /* CACommitCycleStatusItemExampleTests */,
				AC95524825D34886001437F4 /* CACommitCycleStatusItemExampleUITests */,
			);
		};
/* End PBXProject section */

/* Begin PBXResourcesBuildPhase section */
		AC95522725D34882001437F4 /* Resources */ = {
			isa = PBXResourcesBuildPhase;
			buildActionMask = 2147483647;
			files = (
				AC95523725D34885001437F4 /* Main.storyboard in Resources */,
				AC95523425D34885001437F4 /* Preview Assets.xcassets in Resources */,
				AC95523125D34885001437F4 /* Assets.xcassets in Resources */,
			);
			runOnlyForDeploymentPostprocessing = 0;
		};
		AC95523C25D34886001437F4 /* Resources */ = {
			isa = PBXResourcesBuildPhase;
			buildActionMask = 2147483647;
			files = (
			);
			runOnlyForDeploymentPostprocessing = 0;
		};
		AC95524725D34886001437F4 /* Resources */ = {
			isa = PBXResourcesBuildPhase;
			buildActionMask = 2147483647;
			files = (
			);
			runOnlyForDeploymentPostprocessing = 0;
		};
/* End PBXResourcesBuildPhase section */

/* Begin PBXSourcesBuildPhase section */
		AC95522525D34882001437F4 /* Sources */ = {
			isa = PBXSourcesBuildPhase;
			buildActionMask = 2147483647;
			files = (
				AC95522F25D34882001437F4 /* ContentView.swift in Sources */,
				AC95525F25D348F6001437F4 /* StatusItemViewable.swift in Sources */,
				AC95522D25D34882001437F4 /* AppDelegate.swift in Sources */,
			);
			runOnlyForDeploymentPostprocessing = 0;
		};
		AC95523A25D34886001437F4 /* Sources */ = {
			isa = PBXSourcesBuildPhase;
			buildActionMask = 2147483647;
			files = (
				AC95524325D34886001437F4 /* CACommitCycleStatusItemExampleTests.swift in Sources */,
			);
			runOnlyForDeploymentPostprocessing = 0;
		};
		AC95524525D34886001437F4 /* Sources */ = {
			isa = PBXSourcesBuildPhase;
			buildActionMask = 2147483647;
			files = (
				AC95524E25D34886001437F4 /* CACommitCycleStatusItemExampleUITests.swift in Sources */,
			);
			runOnlyForDeploymentPostprocessing = 0;
		};
/* End PBXSourcesBuildPhase section */

/* Begin PBXTargetDependency section */
		AC95524025D34886001437F4 /* PBXTargetDependency */ = {
			isa = PBXTargetDependency;
			target = AC95522825D34882001437F4 /* CACommitCycleStatusItemExample */;
			targetProxy = AC95523F25D34886001437F4 /* PBXContainerItemProxy */;
		};
		AC95524B25D34886001437F4 /* PBXTargetDependency */ = {
			isa = PBXTargetDependency;
			target = AC95522825D34882001437F4 /* CACommitCycleStatusItemExample */;
			targetProxy = AC95524A25D34886001437F4 /* PBXContainerItemProxy */;
		};
/* End PBXTargetDependency section */

/* Begin PBXVariantGroup section */
		AC95523525D34885001437F4 /* Main.storyboard */ = {
			isa = PBXVariantGroup;
			children = (
				AC95523625D34885001437F4 /* Base */,
			);
			name = Main.storyboard;
			sourceTree = "<group>";
		};
/* End PBXVariantGroup section */

/* Begin XCBuildConfiguration section */
		AC95525025D34886001437F4 /* Debug */ = {
			isa = XCBuildConfiguration;
			buildSettings = {
				ALWAYS_SEARCH_USER_PATHS = NO;
				CLANG_ANALYZER_NONNULL = YES;
				CLANG_ANALYZER_NUMBER_OBJECT_CONVERSION = YES_AGGRESSIVE;
				CLANG_CXX_LANGUAGE_STANDARD = "gnu++14";
				CLANG_CXX_LIBRARY = "libc++";
				CLANG_ENABLE_MODULES = YES;
				CLANG_ENABLE_OBJC_ARC = YES;
				CLANG_ENABLE_OBJC_WEAK = YES;
				CLANG_WARN_BLOCK_CAPTURE_AUTORELEASING = YES;
				CLANG_WARN_BOOL_CONVERSION = YES;
				CLANG_WARN_COMMA = YES;
				CLANG_WARN_CONSTANT_CONVERSION = YES;
				CLANG_WARN_DEPRECATED_OBJC_IMPLEMENTATIONS = YES;
				CLANG_WARN_DIRECT_OBJC_ISA_USAGE = YES_ERROR;
				CLANG_WARN_DOCUMENTATION_COMMENTS = YES;
				CLANG_WARN_EMPTY_BODY = YES;
				CLANG_WARN_ENUM_CONVERSION = YES;
				CLANG_WARN_INFINITE_RECURSION = YES;
				CLANG_WARN_INT_CONVERSION = YES;
				CLANG_WARN_NON_LITERAL_NULL_CONVERSION = YES;
				CLANG_WARN_OBJC_IMPLICIT_RETAIN_SELF = YES;
				CLANG_WARN_OBJC_LITERAL_CONVERSION = YES;
				CLANG_WARN_OBJC_ROOT_CLASS = YES_ERROR;
				CLANG_WARN_QUOTED_INCLUDE_IN_FRAMEWORK_HEADER = YES;
				CLANG_WARN_RANGE_LOOP_ANALYSIS = YES;
				CLANG_WARN_STRICT_PROTOTYPES = YES;
				CLANG_WARN_SUSPICIOUS_MOVE = YES;
				CLANG_WARN_UNGUARDED_AVAILABILITY = YES_AGGRESSIVE;
				CLANG_WARN_UNREACHABLE_CODE = YES;
				CLANG_WARN__DUPLICATE_METHOD_MATCH = YES;
				COPY_PHASE_STRIP = NO;
				DEBUG_INFORMATION_FORMAT = dwarf;
				ENABLE_STRICT_OBJC_MSGSEND = YES;
				ENABLE_TESTABILITY = YES;
				GCC_C_LANGUAGE_STANDARD = gnu11;
				GCC_DYNAMIC_NO_PIC = NO;
				GCC_NO_COMMON_BLOCKS = YES;
				GCC_OPTIMIZATION_LEVEL = 0;
				GCC_PREPROCESSOR_DEFINITIONS = (
					"DEBUG=1",
					"$(inherited)",
				);
				GCC_WARN_64_TO_32_BIT_CONVERSION = YES;
				GCC_WARN_ABOUT_RETURN_TYPE = YES_ERROR;
				GCC_WARN_UNDECLARED_SELECTOR = YES;
				GCC_WARN_UNINITIALIZED_AUTOS = YES_AGGRESSIVE;
				GCC_WARN_UNUSED_FUNCTION = YES;
				GCC_WARN_UNUSED_VARIABLE = YES;
				MACOSX_DEPLOYMENT_TARGET = 11.1;
				MTL_ENABLE_DEBUG_INFO = INCLUDE_SOURCE;
				MTL_FAST_MATH = YES;
				ONLY_ACTIVE_ARCH = YES;
				SDKROOT = macosx;
				SWIFT_ACTIVE_COMPILATION_CONDITIONS = DEBUG;
				SWIFT_OPTIMIZATION_LEVEL = "-Onone";
			};
			name = Debug;
		};
		AC95525125D34886001437F4 /* Release */ = {
			isa = XCBuildConfiguration;
			buildSettings = {
				ALWAYS_SEARCH_USER_PATHS = NO;
				CLANG_ANALYZER_NONNULL = YES;
				CLANG_ANALYZER_NUMBER_OBJECT_CONVERSION = YES_AGGRESSIVE;
				CLANG_CXX_LANGUAGE_STANDARD = "gnu++14";
				CLANG_CXX_LIBRARY = "libc++";
				CLANG_ENABLE_MODULES = YES;
				CLANG_ENABLE_OBJC_ARC = YES;
				CLANG_ENABLE_OBJC_WEAK = YES;
				CLANG_WARN_BLOCK_CAPTURE_AUTORELEASING = YES;
				CLANG_WARN_BOOL_CONVERSION = YES;
				CLANG_WARN_COMMA = YES;
				CLANG_WARN_CONSTANT_CONVERSION = YES;
				CLANG_WARN_DEPRECATED_OBJC_IMPLEMENTATIONS = YES;
				CLANG_WARN_DIRECT_OBJC_ISA_USAGE = YES_ERROR;
				CLANG_WARN_DOCUMENTATION_COMMENTS = YES;
				CLANG_WARN_EMPTY_BODY = YES;
				CLANG_WARN_ENUM_CONVERSION = YES;
				CLANG_WARN_INFINITE_RECURSION = YES;
				CLANG_WARN_INT_CONVERSION = YES;
				CLANG_WARN_NON_LITERAL_NULL_CONVERSION = YES;
				CLANG_WARN_OBJC_IMPLICIT_RETAIN_SELF = YES;
				CLANG_WARN_OBJC_LITERAL_CONVERSION = YES;
				CLANG_WARN_OBJC_ROOT_CLASS = YES_ERROR;
				CLANG_WARN_QUOTED_INCLUDE_IN_FRAMEWORK_HEADER = YES;
				CLANG_WARN_RANGE_LOOP_ANALYSIS = YES;
				CLANG_WARN_STRICT_PROTOTYPES = YES;
				CLANG_WARN_SUSPICIOUS_MOVE = YES;
				CLANG_WARN_UNGUARDED_AVAILABILITY = YES_AGGRESSIVE;
				CLANG_WARN_UNREACHABLE_CODE = YES;
				CLANG_WARN__DUPLICATE_METHOD_MATCH = YES;
				COPY_PHASE_STRIP = NO;
				DEBUG_INFORMATION_FORMAT = "dwarf-with-dsym";
				ENABLE_NS_ASSERTIONS = NO;
				ENABLE_STRICT_OBJC_MSGSEND = YES;
				GCC_C_LANGUAGE_STANDARD = gnu11;
				GCC_NO_COMMON_BLOCKS = YES;
				GCC_WARN_64_TO_32_BIT_CONVERSION = YES;
				GCC_WARN_ABOUT_RETURN_TYPE = YES_ERROR;
				GCC_WARN_UNDECLARED_SELECTOR = YES;
				GCC_WARN_UNINITIALIZED_AUTOS = YES_AGGRESSIVE;
				GCC_WARN_UNUSED_FUNCTION = YES;
				GCC_WARN_UNUSED_VARIABLE = YES;
				MACOSX_DEPLOYMENT_TARGET = 11.1;
				MTL_ENABLE_DEBUG_INFO = NO;
				MTL_FAST_MATH = YES;
				SDKROOT = macosx;
				SWIFT_COMPILATION_MODE = wholemodule;
				SWIFT_OPTIMIZATION_LEVEL = "-O";
			};
			name = Release;
		};
		AC95525325D34886001437F4 /* Debug */ = {
			isa = XCBuildConfiguration;
			buildSettings = {
				ASSETCATALOG_COMPILER_APPICON_NAME = AppIcon;
				ASSETCATALOG_COMPILER_GLOBAL_ACCENT_COLOR_NAME = AccentColor;
				CODE_SIGN_ENTITLEMENTS = CACommitCycleStatusItemExample/CACommitCycleStatusItemExample.entitlements;
				CODE_SIGN_STYLE = Automatic;
				COMBINE_HIDPI_IMAGES = YES;
				DEVELOPMENT_ASSET_PATHS = "\"CACommitCycleStatusItemExample/Preview Content\"";
				ENABLE_PREVIEWS = YES;
				INFOPLIST_FILE = CACommitCycleStatusItemExample/Info.plist;
				LD_RUNPATH_SEARCH_PATHS = (
					"$(inherited)",
					"@executable_path/../Frameworks",
				);
				MACOSX_DEPLOYMENT_TARGET = 10.15;
				PRODUCT_BUNDLE_IDENTIFIER = nickdonald.CACommitCycleStatusItemExample;
				PRODUCT_NAME = "$(TARGET_NAME)";
				SWIFT_VERSION = 5.0;
			};
			name = Debug;
		};
		AC95525425D34886001437F4 /* Release */ = {
			isa = XCBuildConfiguration;
			buildSettings = {
				ASSETCATALOG_COMPILER_APPICON_NAME = AppIcon;
				ASSETCATALOG_COMPILER_GLOBAL_ACCENT_COLOR_NAME = AccentColor;
				CODE_SIGN_ENTITLEMENTS = CACommitCycleStatusItemExample/CACommitCycleStatusItemExample.entitlements;
				CODE_SIGN_STYLE = Automatic;
				COMBINE_HIDPI_IMAGES = YES;
				DEVELOPMENT_ASSET_PATHS = "\"CACommitCycleStatusItemExample/Preview Content\"";
				ENABLE_PREVIEWS = YES;
				INFOPLIST_FILE = CACommitCycleStatusItemExample/Info.plist;
				LD_RUNPATH_SEARCH_PATHS = (
					"$(inherited)",
					"@executable_path/../Frameworks",
				);
				MACOSX_DEPLOYMENT_TARGET = 10.15;
				PRODUCT_BUNDLE_IDENTIFIER = nickdonald.CACommitCycleStatusItemExample;
				PRODUCT_NAME = "$(TARGET_NAME)";
				SWIFT_VERSION = 5.0;
			};
			name = Release;
		};
		AC95525625D34886001437F4 /* Debug */ = {
			isa = XCBuildConfiguration;
			buildSettings = {
				ALWAYS_EMBED_SWIFT_STANDARD_LIBRARIES = YES;
				BUNDLE_LOADER = "$(TEST_HOST)";
				CODE_SIGN_STYLE = Automatic;
				COMBINE_HIDPI_IMAGES = YES;
				INFOPLIST_FILE = CACommitCycleStatusItemExampleTests/Info.plist;
				LD_RUNPATH_SEARCH_PATHS = (
					"$(inherited)",
					"@executable_path/../Frameworks",
					"@loader_path/../Frameworks",
				);
				MACOSX_DEPLOYMENT_TARGET = 10.15;
				PRODUCT_BUNDLE_IDENTIFIER = nickdonald.CACommitCycleStatusItemExampleTests;
				PRODUCT_NAME = "$(TARGET_NAME)";
				SWIFT_VERSION = 5.0;
				TEST_HOST = "$(BUILT_PRODUCTS_DIR)/CACommitCycleStatusItemExample.app/Contents/MacOS/CACommitCycleStatusItemExample";
			};
			name = Debug;
		};
		AC95525725D34886001437F4 /* Release */ = {
			isa = XCBuildConfiguration;
			buildSettings = {
				ALWAYS_EMBED_SWIFT_STANDARD_LIBRARIES = YES;
				BUNDLE_LOADER = "$(TEST_HOST)";
				CODE_SIGN_STYLE = Automatic;
				COMBINE_HIDPI_IMAGES = YES;
				INFOPLIST_FILE = CACommitCycleStatusItemExampleTests/Info.plist;
				LD_RUNPATH_SEARCH_PATHS = (
					"$(inherited)",
					"@executable_path/../Frameworks",
					"@loader_path/../Frameworks",
				);
				MACOSX_DEPLOYMENT_TARGET = 10.15;
				PRODUCT_BUNDLE_IDENTIFIER = nickdonald.CACommitCycleStatusItemExampleTests;
				PRODUCT_NAME = "$(TARGET_NAME)";
				SWIFT_VERSION = 5.0;
				TEST_HOST = "$(BUILT_PRODUCTS_DIR)/CACommitCycleStatusItemExample.app/Contents/MacOS/CACommitCycleStatusItemExample";
			};
			name = Release;
		};
		AC95525925D34886001437F4 /* Debug */ = {
			isa = XCBuildConfiguration;
			buildSettings = {
				ALWAYS_EMBED_SWIFT_STANDARD_LIBRARIES = YES;
				CODE_SIGN_STYLE = Automatic;
				COMBINE_HIDPI_IMAGES = YES;
				INFOPLIST_FILE = CACommitCycleStatusItemExampleUITests/Info.plist;
				LD_RUNPATH_SEARCH_PATHS = (
					"$(inherited)",
					"@executable_path/../Frameworks",
					"@loader_path/../Frameworks",
				);
				PRODUCT_BUNDLE_IDENTIFIER = nickdonald.CACommitCycleStatusItemExampleUITests;
				PRODUCT_NAME = "$(TARGET_NAME)";
				SWIFT_VERSION = 5.0;
				TEST_TARGET_NAME = CACommitCycleStatusItemExample;
			};
			name = Debug;
		};
		AC95525A25D34886001437F4 /* Release */ = {
			isa = XCBuildConfiguration;
			buildSettings = {
				ALWAYS_EMBED_SWIFT_STANDARD_LIBRARIES = YES;
				CODE_SIGN_STYLE = Automatic;
				COMBINE_HIDPI_IMAGES = YES;
				INFOPLIST_FILE = CACommitCycleStatusItemExampleUITests/Info.plist;
				LD_RUNPATH_SEARCH_PATHS = (
					"$(inherited)",
					"@executable_path/../Frameworks",
					"@loader_path/../Frameworks",
				);
				PRODUCT_BUNDLE_IDENTIFIER = nickdonald.CACommitCycleStatusItemExampleUITests;
				PRODUCT_NAME = "$(TARGET_NAME)";
				SWIFT_VERSION = 5.0;
				TEST_TARGET_NAME = CACommitCycleStatusItemExample;
			};
			name = Release;
		};
/* End XCBuildConfiguration section */

/* Begin XCConfigurationList section */
		AC95522425D34882001437F4 /* Build configuration list for PBXProject "CACommitCycleStatusItemExample" */ = {
			isa = XCConfigurationList;
			buildConfigurations = (
				AC95525025D34886001437F4 /* Debug */,
				AC95525125D34886001437F4 /* Release */,
			);
			defaultConfigurationIsVisible = 0;
			defaultConfigurationName = Release;
		};
		AC95525225D34886001437F4 /* Build configuration list for PBXNativeTarget "CACommitCycleStatusItemExample" */ = {
			isa = XCConfigurationList;
			buildConfigurations = (
				AC95525325D34886001437F4 /* Debug */,
				AC95525425D34886001437F4 /* Release */,
			);
			defaultConfigurationIsVisible = 0;
			defaultConfigurationName = Release;
		};
		AC95525525D34886001437F4 /* Build configuration list for PBXNativeTarget "CACommitCycleStatusItemExampleTests" */ = {
			isa = XCConfigurationList;
			buildConfigurations = (
				AC95525625D34886001437F4 /* Debug */,
				AC95525725D34886001437F4 /* Release */,
			);
			defaultConfigurationIsVisible = 0;
			defaultConfigurationName = Release;
		};
		AC95525825D34886001437F4 /* Build configuration list for PBXNativeTarget "CACommitCycleStatusItemExampleUITests" */ = {
			isa = XCConfigurationList;
			buildConfigurations = (
				AC95525925D34886001437F4 /* Debug */,
				AC95525A25D34886001437F4 /* Release */,
			);
			defaultConfigurationIsVisible = 0;
			defaultConfigurationName = Release;
		};
/* End XCConfigurationList section */
	};
	rootObject = AC95522125D34882001437F4 /* Project object */;
}
